{
  "name": "wordgen",
  "version": "1.0.0",
  "lockfileVersion": 1,
  "requires": true,
  "dependencies": {
    "roguelike": {
      "version": "0.5.0",
      "resolved": "https://registry.npmjs.org/roguelike/-/roguelike-0.5.0.tgz",
      "integrity": "sha512-lf4F83zNqjtHaiEr1t2I7gaxY4Zjhrpu9vucS7kFPwnd7SwPpZdzVpZouWx2ARikoahzP7pIDa56ynfqOiKCgQ=="
    }
  }
}
